// !$*UTF8*$!
{
	archiveVersion = 1;
	classes = {
	};
	objectVersion = 54;
	objects = {

/* Begin PBXBuildFile section */
		ACDBC60C2993A49E0057F728 /* AppDelegate.swift in Sources */ = {isa = PBXBuildFile; fileRef = ACDBC60B2993A49E0057F728 /* AppDelegate.swift */; };
		ACDBC60E2993A49E0057F728 /* SceneDelegate.swift in Sources */ = {isa = PBXBuildFile; fileRef = ACDBC60D2993A49E0057F728 /* SceneDelegate.swift */; };
		ACDBC6102993A49E0057F728 /* ViewController.swift in Sources */ = {isa = PBXBuildFile; fileRef = ACDBC60F2993A49E0057F728 /* ViewController.swift */; };
		ACDBC6132993A49E0057F728 /* Main.storyboard in Resources */ = {isa = PBXBuildFile; fileRef = ACDBC6112993A49E0057F728 /* Main.storyboard */; };
		ACDBC6152993A49F0057F728 /* Assets.xcassets in Resources */ = {isa = PBXBuildFile; fileRef = ACDBC6142993A49F0057F728 /* Assets.xcassets */; };
		ACDBC6182993A49F0057F728 /* LaunchScreen.storyboard in Resources */ = {isa = PBXBuildFile; fileRef = ACDBC6162993A49F0057F728 /* LaunchScreen.storyboard */; };
		ACDBC6232993A49F0057F728 /* CalculatorProjectTests.swift in Sources */ = {isa = PBXBuildFile; fileRef = ACDBC6222993A49F0057F728 /* CalculatorProjectTests.swift */; };
		ACDBC62D2993A49F0057F728 /* CalculatorProjectUITests.swift in Sources */ = {isa = PBXBuildFile; fileRef = ACDBC62C2993A49F0057F728 /* CalculatorProjectUITests.swift */; };
		ACDBC62F2993A49F0057F728 /* CalculatorProjectUITestsLaunchTests.swift in Sources */ = {isa = PBXBuildFile; fileRef = ACDBC62E2993A49F0057F728 /* CalculatorProjectUITestsLaunchTests.swift */; };
/* End PBXBuildFile section */

/* Begin PBXContainerItemProxy section */
		ACDBC61F2993A49F0057F728 /* PBXContainerItemProxy */ = {
			isa = PBXContainerItemProxy;
			containerPortal = ACDBC6002993A49D0057F728 /* Project object */;
			proxyType = 1;
			remoteGlobalIDString = ACDBC6072993A49D0057F728;
			remoteInfo = CalculatorProject;
		};
		ACDBC6292993A49F0057F728 /* PBXContainerItemProxy */ = {
			isa = PBXContainerItemProxy;
			containerPortal = ACDBC6002993A49D0057F728 /* Project object */;
			proxyType = 1;
			remoteGlobalIDString = ACDBC6072993A49D0057F728;
			remoteInfo = CalculatorProject;
		};
/* End PBXContainerItemProxy section */

/* Begin PBXFileReference section */
		ACDBC6082993A49E0057F728 /* CalculatorProject.app */ = {isa = PBXFileReference; explicitFileType = wrapper.application; includeInIndex = 0; path = CalculatorProject.app; sourceTree = BUILT_PRODUCTS_DIR; };
		ACDBC60B2993A49E0057F728 /* AppDelegate.swift */ = {isa = PBXFileReference; lastKnownFileType = sourcecode.swift; path = AppDelegate.swift; sourceTree = "<group>"; };
		ACDBC60D2993A49E0057F728 /* SceneDelegate.swift */ = {isa = PBXFileReference; lastKnownFileType = sourcecode.swift; path = SceneDelegate.swift; sourceTree = "<group>"; };
		ACDBC60F2993A49E0057F728 /* ViewController.swift */ = {isa = PBXFileReference; lastKnownFileType = sourcecode.swift; path = ViewController.swift; sourceTree = "<group>"; };
		ACDBC6122993A49E0057F728 /* Base */ = {isa = PBXFileReference; lastKnownFileType = file.storyboard; name = Base; path = Base.lproj/Main.storyboard; sourceTree = "<group>"; };
		ACDBC6142993A49F0057F728 /* Assets.xcassets */ = {isa = PBXFileReference; lastKnownFileType = folder.assetcatalog; path = Assets.xcassets; sourceTree = "<group>"; };
		ACDBC6172993A49F0057F728 /* Base */ = {isa = PBXFileReference; lastKnownFileType = file.storyboard; name = Base; path = Base.lproj/LaunchScreen.storyboard; sourceTree = "<group>"; };
		ACDBC6192993A49F0057F728 /* Info.plist */ = {isa = PBXFileReference; lastKnownFileType = text.plist.xml; path = Info.plist; sourceTree = "<group>"; };
		ACDBC61E2993A49F0057F728 /* CalculatorProjectTests.xctest */ = {isa = PBXFileReference; explicitFileType = wrapper.cfbundle; includeInIndex = 0; path = CalculatorProjectTests.xctest; sourceTree = BUILT_PRODUCTS_DIR; };
		ACDBC6222993A49F0057F728 /* CalculatorProjectTests.swift */ = {isa = PBXFileReference; lastKnownFileType = sourcecode.swift; path = CalculatorProjectTests.swift; sourceTree = "<group>"; };
		ACDBC6282993A49F0057F728 /* CalculatorProjectUITests.xctest */ = {isa = PBXFileReference; explicitFileType = wrapper.cfbundle; includeInIndex = 0; path = CalculatorProjectUITests.xctest; sourceTree = BUILT_PRODUCTS_DIR; };
		ACDBC62C2993A49F0057F728 /* CalculatorProjectUITests.swift */ = {isa = PBXFileReference; lastKnownFileType = sourcecode.swift; path = CalculatorProjectUITests.swift; sourceTree = "<group>"; };
		ACDBC62E2993A49F0057F728 /* CalculatorProjectUITestsLaunchTests.swift */ = {isa = PBXFileReference; lastKnownFileType = sourcecode.swift; path = CalculatorProjectUITestsLaunchTests.swift; sourceTree = "<group>"; };
/* End PBXFileReference section */

/* Begin PBXFrameworksBuildPhase section */
		ACDBC6052993A49D0057F728 /* Frameworks */ = {
			isa = PBXFrameworksBuildPhase;
			buildActionMask = 2147483647;
			files = (
			);
			runOnlyForDeploymentPostprocessing = 0;
		};
		ACDBC61B2993A49F0057F728 /* Frameworks */ = {
			isa = PBXFrameworksBuildPhase;
			buildActionMask = 2147483647;
			files = (
			);
			runOnlyForDeploymentPostprocessing = 0;
		};
		ACDBC6252993A49F0057F728 /* Frameworks */ = {
			isa = PBXFrameworksBuildPhase;
			buildActionMask = 2147483647;
			files = (
			);
			runOnlyForDeploymentPostprocessing = 0;
		};
/* End PBXFrameworksBuildPhase section */

/* Begin PBXGroup section */
		ACDBC5FF2993A49D0057F728 = {
			isa = PBXGroup;
			children = (
				ACDBC60A2993A49E0057F728 /* CalculatorProject */,
				ACDBC6212993A49F0057F728 /* CalculatorProjectTests */,
				ACDBC62B2993A49F0057F728 /* CalculatorProjectUITests */,
				ACDBC6092993A49E0057F728 /* Products */,
			);
			sourceTree = "<group>";
		};
		ACDBC6092993A49E0057F728 /* Products */ = {
			isa = PBXGroup;
			children = (
				ACDBC6082993A49E0057F728 /* CalculatorProject.app */,
				ACDBC61E2993A49F0057F728 /* CalculatorProjectTests.xctest */,
				ACDBC6282993A49F0057F728 /* CalculatorProjectUITests.xctest */,
			);
			name = Products;
			sourceTree = "<group>";
		};
		ACDBC60A2993A49E0057F728 /* CalculatorProject */ = {
			isa = PBXGroup;
			children = (
				ACDBC60B2993A49E0057F728 /* AppDelegate.swift */,
				ACDBC60D2993A49E0057F728 /* SceneDelegate.swift */,
				ACDBC60F2993A49E0057F728 /* ViewController.swift */,
				ACDBC6112993A49E0057F728 /* Main.storyboard */,
				ACDBC6142993A49F0057F728 /* Assets.xcassets */,
				ACDBC6162993A49F0057F728 /* LaunchScreen.storyboard */,
				ACDBC6192993A49F0057F728 /* Info.plist */,
			);
			path = CalculatorProject;
			sourceTree = "<group>";
		};
		ACDBC6212993A49F0057F728 /* CalculatorProjectTests */ = {
			isa = PBXGroup;
			children = (
				ACDBC6222993A49F0057F728 /* CalculatorProjectTests.swift */,
			);
			path = CalculatorProjectTests;
			sourceTree = "<group>";
		};
		ACDBC62B2993A49F0057F728 /* CalculatorProjectUITests */ = {
			isa = PBXGroup;
			children = (
				ACDBC62C2993A49F0057F728 /* CalculatorProjectUITests.swift */,
				ACDBC62E2993A49F0057F728 /* CalculatorProjectUITestsLaunchTests.swift */,
			);
			path = CalculatorProjectUITests;
			sourceTree = "<group>";
		};
/* End PBXGroup section */

/* Begin PBXNativeTarget section */
		ACDBC6072993A49D0057F728 /* CalculatorProject */ = {
			isa = PBXNativeTarget;
			buildConfigurationList = ACDBC6322993A49F0057F728 /* Build configuration list for PBXNativeTarget "CalculatorProject" */;
			buildPhases = (
				ACDBC6042993A49D0057F728 /* Sources */,
				ACDBC6052993A49D0057F728 /* Frameworks */,
				ACDBC6062993A49D0057F728 /* Resources */,
			);
			buildRules = (
			);
			dependencies = (
			);
			name = CalculatorProject;
			productName = CalculatorProject;
			productReference = ACDBC6082993A49E0057F728 /* CalculatorProject.app */;
			productType = "com.apple.product-type.application";
		};
		ACDBC61D2993A49F0057F728 /* CalculatorProjectTests */ = {
			isa = PBXNativeTarget;
			buildConfigurationList = ACDBC6352993A49F0057F728 /* Build configuration list for PBXNativeTarget "CalculatorProjectTests" */;
			buildPhases = (
				ACDBC61A2993A49F0057F728 /* Sources */,
				ACDBC61B2993A49F0057F728 /* Frameworks */,
				ACDBC61C2993A49F0057F728 /* Resources */,
			);
			buildRules = (
			);
			dependencies = (
				ACDBC6202993A49F0057F728 /* PBXTargetDependency */,
			);
			name = CalculatorProjectTests;
			productName = CalculatorProjectTests;
			productReference = ACDBC61E2993A49F0057F728 /* CalculatorProjectTests.xctest */;
			productType = "com.apple.product-type.bundle.unit-test";
		};
		ACDBC6272993A49F0057F728 /* CalculatorProjectUITests */ = {
			isa = PBXNativeTarget;
			buildConfigurationList = ACDBC6382993A49F0057F728 /* Build configuration list for PBXNativeTarget "CalculatorProjectUITests" */;
			buildPhases = (
				ACDBC6242993A49F0057F728 /* Sources */,
				ACDBC6252993A49F0057F728 /* Frameworks */,
				ACDBC6262993A49F0057F728 /* Resources */,
			);
			buildRules = (
			);
			dependencies = (
				ACDBC62A2993A49F0057F728 /* PBXTargetDependency */,
			);
			name = CalculatorProjectUITests;
			productName = CalculatorProjectUITests;
			productReference = ACDBC6282993A49F0057F728 /* CalculatorProjectUITests.xctest */;
			productType = "com.apple.product-type.bundle.ui-testing";
		};
/* End PBXNativeTarget section */

/* Begin PBXProject section */
		ACDBC6002993A49D0057F728 /* Project object */ = {
			isa = PBXProject;
			attributes = {
				BuildIndependentTargetsInParallel = 1;
				LastSwiftUpdateCheck = 1300;
				LastUpgradeCheck = 1300;
				TargetAttributes = {
					ACDBC6072993A49D0057F728 = {
						CreatedOnToolsVersion = 13.0;
					};
					ACDBC61D2993A49F0057F728 = {
						CreatedOnToolsVersion = 13.0;
						TestTargetID = ACDBC6072993A49D0057F728;
					};
					ACDBC6272993A49F0057F728 = {
						CreatedOnToolsVersion = 13.0;
						TestTargetID = ACDBC6072993A49D0057F728;
					};
				};
			};
			buildConfigurationList = ACDBC6032993A49D0057F728 /* Build configuration list for PBXProject "CalculatorProject" */;
			compatibilityVersion = "Xcode 12.0";
			developmentRegion = en;
			hasScannedForEncodings = 0;
			knownRegions = (
				en,
				Base,
			);
			mainGroup = ACDBC5FF2993A49D0057F728;
			productRefGroup = ACDBC6092993A49E0057F728 /* Products */;
			projectDirPath = "";
			projectRoot = "";
			targets = (
				ACDBC6072993A49D0057F728 /* CalculatorProject */,
				ACDBC61D2993A49F0057F728 /* CalculatorProjectTests */,
				ACDBC6272993A49F0057F728 /* CalculatorProjectUITests */,
			);
		};
/* End PBXProject section */

/* Begin PBXResourcesBuildPhase section */
		ACDBC6062993A49D0057F728 /* Resources */ = {
			isa = PBXResourcesBuildPhase;
			buildActionMask = 2147483647;
			files = (
				ACDBC6182993A49F0057F728 /* LaunchScreen.storyboard in Resources */,
				ACDBC6152993A49F0057F728 /* Assets.xcassets in Resources */,
				ACDBC6132993A49E0057F728 /* Main.storyboard in Resources */,
			);
			runOnlyForDeploymentPostprocessing = 0;
		};
		ACDBC61C2993A49F0057F728 /* Resources */ = {
			isa = PBXResourcesBuildPhase;
			buildActionMask = 2147483647;
			files = (
			);
			runOnlyForDeploymentPostprocessing = 0;
		};
		ACDBC6262993A49F0057F728 /* Resources */ = {
			isa = PBXResourcesBuildPhase;
			buildActionMask = 2147483647;
			files = (
			);
			runOnlyForDeploymentPostprocessing = 0;
		};
/* End PBXResourcesBuildPhase section */

/* Begin PBXSourcesBuildPhase section */
		ACDBC6042993A49D0057F728 /* Sources */ = {
			isa = PBXSourcesBuildPhase;
			buildActionMask = 2147483647;
			files = (
				ACDBC6102993A49E0057F728 /* ViewController.swift in Sources */,
				ACDBC60C2993A49E0057F728 /* AppDelegate.swift in Sources */,
				ACDBC60E2993A49E0057F728 /* SceneDelegate.swift in Sources */,
			);
			runOnlyForDeploymentPostprocessing = 0;
		};
		ACDBC61A2993A49F0057F728 /* Sources */ = {
			isa = PBXSourcesBuildPhase;
			buildActionMask = 2147483647;
			files = (
				ACDBC6232993A49F0057F728 /* CalculatorProjectTests.swift in Sources */,
			);
			runOnlyForDeploymentPostprocessing = 0;
		};
		ACDBC6242993A49F0057F728 /* Sources */ = {
			isa = PBXSourcesBuildPhase;
			buildActionMask = 2147483647;
			files = (
				ACDBC62F2993A49F0057F728 /* CalculatorProjectUITestsLaunchTests.swift in Sources */,
				ACDBC62D2993A49F0057F728 /* CalculatorProjectUITests.swift in Sources */,
			);
			runOnlyForDeploymentPostprocessing = 0;
		};
/* End PBXSourcesBuildPhase section */

/* Begin PBXTargetDependency section */
		ACDBC6202993A49F0057F728 /* PBXTargetDependency */ = {
			isa = PBXTargetDependency;
			target = ACDBC6072993A49D0057F728 /* CalculatorProject */;
			targetProxy = ACDBC61F2993A49F0057F728 /* PBXContainerItemProxy */;
		};
		ACDBC62A2993A49F0057F728 /* PBXTargetDependency */ = {
			isa = PBXTargetDependency;
			target = ACDBC6072993A49D0057F728 /* CalculatorProject */;
			targetProxy = ACDBC6292993A49F0057F728 /* PBXContainerItemProxy */;
		};
/* End PBXTargetDependency section */

/* Begin PBXVariantGroup section */
		ACDBC6112993A49E0057F728 /* Main.storyboard */ = {
			isa = PBXVariantGroup;
			children = (
				ACDBC6122993A49E0057F728 /* Base */,
			);
			name = Main.storyboard;
			sourceTree = "<group>";
		};
		ACDBC6162993A49F0057F728 /* LaunchScreen.storyboard */ = {
			isa = PBXVariantGroup;
			children = (
				ACDBC6172993A49F0057F728 /* Base */,
			);
			name = LaunchScreen.storyboard;
			sourceTree = "<group>";
		};
/* End PBXVariantGroup section */

/* Begin XCBuildConfiguration section */
		ACDBC6302993A49F0057F728 /* Debug */ = {
			isa = XCBuildConfiguration;
			buildSettings = {
				ALWAYS_SEARCH_USER_PATHS = NO;
				CLANG_ANALYZER_NONNULL = YES;
				CLANG_ANALYZER_NUMBER_OBJECT_CONVERSION = YES_AGGRESSIVE;
				CLANG_CXX_LANGUAGE_STANDARD = "gnu++17";
				CLANG_CXX_LIBRARY = "libc++";
				CLANG_ENABLE_MODULES = YES;
				CLANG_ENABLE_OBJC_ARC = YES;
				CLANG_ENABLE_OBJC_WEAK = YES;
				CLANG_WARN_BLOCK_CAPTURE_AUTORELEASING = YES;
				CLANG_WARN_BOOL_CONVERSION = YES;
				CLANG_WARN_COMMA = YES;
				CLANG_WARN_CONSTANT_CONVERSION = YES;
				CLANG_WARN_DEPRECATED_OBJC_IMPLEMENTATIONS = YES;
				CLANG_WARN_DIRECT_OBJC_ISA_USAGE = YES_ERROR;
				CLANG_WARN_DOCUMENTATION_COMMENTS = YES;
				CLANG_WARN_EMPTY_BODY = YES;
				CLANG_WARN_ENUM_CONVERSION = YES;
				CLANG_WARN_INFINITE_RECURSION = YES;
				CLANG_WARN_INT_CONVERSION = YES;
				CLANG_WARN_NON_LITERAL_NULL_CONVERSION = YES;
				CLANG_WARN_OBJC_IMPLICIT_RETAIN_SELF = YES;
				CLANG_WARN_OBJC_LITERAL_CONVERSION = YES;
				CLANG_WARN_OBJC_ROOT_CLASS = YES_ERROR;
				CLANG_WARN_QUOTED_INCLUDE_IN_FRAMEWORK_HEADER = YES;
				CLANG_WARN_RANGE_LOOP_ANALYSIS = YES;
				CLANG_WARN_STRICT_PROTOTYPES = YES;
				CLANG_WARN_SUSPICIOUS_MOVE = YES;
				CLANG_WARN_UNGUARDED_AVAILABILITY = YES_AGGRESSIVE;
				CLANG_WARN_UNREACHABLE_CODE = YES;
				CLANG_WARN__DUPLICATE_METHOD_MATCH = YES;
				COPY_PHASE_STRIP = NO;
				DEBUG_INFORMATION_FORMAT = dwarf;
				ENABLE_STRICT_OBJC_MSGSEND = YES;
				ENABLE_TESTABILITY = YES;
				GCC_C_LANGUAGE_STANDARD = gnu11;
				GCC_DYNAMIC_NO_PIC = NO;
				GCC_NO_COMMON_BLOCKS = YES;
				GCC_OPTIMIZATION_LEVEL = 0;
				GCC_PREPROCESSOR_DEFINITIONS = (
					"DEBUG=1",
					"$(inherited)",
				);
				GCC_WARN_64_TO_32_BIT_CONVERSION = YES;
				GCC_WARN_ABOUT_RETURN_TYPE = YES_ERROR;
				GCC_WARN_UNDECLARED_SELECTOR = YES;
				GCC_WARN_UNINITIALIZED_AUTOS = YES_AGGRESSIVE;
				GCC_WARN_UNUSED_FUNCTION = YES;
				GCC_WARN_UNUSED_VARIABLE = YES;
				IPHONEOS_DEPLOYMENT_TARGET = 15.0;
				MTL_ENABLE_DEBUG_INFO = INCLUDE_SOURCE;
				MTL_FAST_MATH = YES;
				ONLY_ACTIVE_ARCH = YES;
				SDKROOT = iphoneos;
				SWIFT_ACTIVE_COMPILATION_CONDITIONS = DEBUG;
				SWIFT_OPTIMIZATION_LEVEL = "-Onone";
			};
			name = Debug;
		};
		ACDBC6312993A49F0057F728 /* Release */ = {
			isa = XCBuildConfiguration;
			buildSettings = {
				ALWAYS_SEARCH_USER_PATHS = NO;
				CLANG_ANALYZER_NONNULL = YES;
				CLANG_ANALYZER_NUMBER_OBJECT_CONVERSION = YES_AGGRESSIVE;
				CLANG_CXX_LANGUAGE_STANDARD = "gnu++17";
				CLANG_CXX_LIBRARY = "libc++";
				CLANG_ENABLE_MODULES = YES;
				CLANG_ENABLE_OBJC_ARC = YES;
				CLANG_ENABLE_OBJC_WEAK = YES;
				CLANG_WARN_BLOCK_CAPTURE_AUTORELEASING = YES;
				CLANG_WARN_BOOL_CONVERSION = YES;
				CLANG_WARN_COMMA = YES;
				CLANG_WARN_CONSTANT_CONVERSION = YES;
				CLANG_WARN_DEPRECATED_OBJC_IMPLEMENTATIONS = YES;
				CLANG_WARN_DIRECT_OBJC_ISA_USAGE = YES_ERROR;
				CLANG_WARN_DOCUMENTATION_COMMENTS = YES;
				CLANG_WARN_EMPTY_BODY = YES;
				CLANG_WARN_ENUM_CONVERSION = YES;
				CLANG_WARN_INFINITE_RECURSION = YES;
				CLANG_WARN_INT_CONVERSION = YES;
				CLANG_WARN_NON_LITERAL_NULL_CONVERSION = YES;
				CLANG_WARN_OBJC_IMPLICIT_RETAIN_SELF = YES;
				CLANG_WARN_OBJC_LITERAL_CONVERSION = YES;
				CLANG_WARN_OBJC_ROOT_CLASS = YES_ERROR;
				CLANG_WARN_QUOTED_INCLUDE_IN_FRAMEWORK_HEADER = YES;
				CLANG_WARN_RANGE_LOOP_ANALYSIS = YES;
				CLANG_WARN_STRICT_PROTOTYPES = YES;
				CLANG_WARN_SUSPICIOUS_MOVE = YES;
				CLANG_WARN_UNGUARDED_AVAILABILITY = YES_AGGRESSIVE;
				CLANG_WARN_UNREACHABLE_CODE = YES;
				CLANG_WARN__DUPLICATE_METHOD_MATCH = YES;
				COPY_PHASE_STRIP = NO;
				DEBUG_INFORMATION_FORMAT = "dwarf-with-dsym";
				ENABLE_NS_ASSERTIONS = NO;
				ENABLE_STRICT_OBJC_MSGSEND = YES;
				GCC_C_LANGUAGE_STANDARD = gnu11;
				GCC_NO_COMMON_BLOCKS = YES;
				GCC_WARN_64_TO_32_BIT_CONVERSION = YES;
				GCC_WARN_ABOUT_RETURN_TYPE = YES_ERROR;
				GCC_WARN_UNDECLARED_SELECTOR = YES;
				GCC_WARN_UNINITIALIZED_AUTOS = YES_AGGRESSIVE;
				GCC_WARN_UNUSED_FUNCTION = YES;
				GCC_WARN_UNUSED_VARIABLE = YES;
				IPHONEOS_DEPLOYMENT_TARGET = 15.0;
				MTL_ENABLE_DEBUG_INFO = NO;
				MTL_FAST_MATH = YES;
				SDKROOT = iphoneos;
				SWIFT_COMPILATION_MODE = wholemodule;
				SWIFT_OPTIMIZATION_LEVEL = "-O";
				VALIDATE_PRODUCT = YES;
			};
			name = Release;
		};
		ACDBC6332993A49F0057F728 /* Debug */ = {
			isa = XCBuildConfiguration;
			buildSettings = {
				ASSETCATALOG_COMPILER_APPICON_NAME = AppIcon;
				ASSETCATALOG_COMPILER_GLOBAL_ACCENT_COLOR_NAME = AccentColor;
				CODE_SIGN_STYLE = Automatic;
				CURRENT_PROJECT_VERSION = 1;
				GENERATE_INFOPLIST_FILE = YES;
				INFOPLIST_FILE = CalculatorProject/Info.plist;
				INFOPLIST_KEY_UIApplicationSupportsIndirectInputEvents = YES;
				INFOPLIST_KEY_UILaunchStoryboardName = LaunchScreen;
				INFOPLIST_KEY_UIMainStoryboardFile = Main;
				INFOPLIST_KEY_UISupportedInterfaceOrientations_iPad = "UIInterfaceOrientationPortrait UIInterfaceOrientationPortraitUpsideDown UIInterfaceOrientationLandscapeLeft UIInterfaceOrientationLandscapeRight";
				INFOPLIST_KEY_UISupportedInterfaceOrientations_iPhone = "UIInterfaceOrientationPortrait UIInterfaceOrientationLandscapeLeft UIInterfaceOrientationLandscapeRight";
				LD_RUNPATH_SEARCH_PATHS = (
					"$(inherited)",
					"@executable_path/Frameworks",
				);
				MARKETING_VERSION = 1.0;
				PRODUCT_BUNDLE_IDENTIFIER = org.uem.dam.CalculatorProject;
				PRODUCT_NAME = "$(TARGET_NAME)";
				SWIFT_EMIT_LOC_STRINGS = YES;
				SWIFT_VERSION = 5.0;
				TARGETED_DEVICE_FAMILY = "1,2";
			};
			name = Debug;
		};
		ACDBC6342993A49F0057F728 /* Release */ = {
			isa = XCBuildConfiguration;
			buildSettings = {
				ASSETCATALOG_COMPILER_APPICON_NAME = AppIcon;
				ASSETCATALOG_COMPILER_GLOBAL_ACCENT_COLOR_NAME = AccentColor;
				CODE_SIGN_STYLE = Automatic;
				CURRENT_PROJECT_VERSION = 1;
				GENERATE_INFOPLIST_FILE = YES;
				INFOPLIST_FILE = CalculatorProject/Info.plist;
				INFOPLIST_KEY_UIApplicationSupportsIndirectInputEvents = YES;
				INFOPLIST_KEY_UILaunchStoryboardName = LaunchScreen;
				INFOPLIST_KEY_UIMainStoryboardFile = Main;
				INFOPLIST_KEY_UISupportedInterfaceOrientations_iPad = "UIInterfaceOrientationPortrait UIInterfaceOrientationPortraitUpsideDown UIInterfaceOrientationLandscapeLeft UIInterfaceOrientationLandscapeRight";
				INFOPLIST_KEY_UISupportedInterfaceOrientations_iPhone = "UIInterfaceOrientationPortrait UIInterfaceOrientationLandscapeLeft UIInterfaceOrientationLandscapeRight";
				LD_RUNPATH_SEARCH_PATHS = (
					"$(inherited)",
					"@executable_path/Frameworks",
				);
				MARKETING_VERSION = 1.0;
				PRODUCT_BUNDLE_IDENTIFIER = org.uem.dam.CalculatorProject;
				PRODUCT_NAME = "$(TARGET_NAME)";
				SWIFT_EMIT_LOC_STRINGS = YES;
				SWIFT_VERSION = 5.0;
				TARGETED_DEVICE_FAMILY = "1,2";
			};
			name = Release;
		};
		ACDBC6362993A49F0057F728 /* Debug */ = {
			isa = XCBuildConfiguration;
			buildSettings = {
				ALWAYS_EMBED_SWIFT_STANDARD_LIBRARIES = YES;
				BUNDLE_LOADER = "$(TEST_HOST)";
				CODE_SIGN_STYLE = Automatic;
				CURRENT_PROJECT_VERSION = 1;
				GENERATE_INFOPLIST_FILE = YES;
				IPHONEOS_DEPLOYMENT_TARGET = 15.0;
				LD_RUNPATH_SEARCH_PATHS = (
					"$(inherited)",
					"@executable_path/Frameworks",
					"@loader_path/Frameworks",
				);
				MARKETING_VERSION = 1.0;
				PRODUCT_BUNDLE_IDENTIFIER = org.uem.dam.CalculatorProjectTests;
				PRODUCT_NAME = "$(TARGET_NAME)";
				SWIFT_EMIT_LOC_STRINGS = NO;
				SWIFT_VERSION = 5.0;
				TARGETED_DEVICE_FAMILY = "1,2";
				TEST_HOST = "$(BUILT_PRODUCTS_DIR)/CalculatorProject.app/CalculatorProject";
			};
			name = Debug;
		};
		ACDBC6372993A49F0057F728 /* Release */ = {
			isa = XCBuildConfiguration;
			buildSettings = {
				ALWAYS_EMBED_SWIFT_STANDARD_LIBRARIES = YES;
				BUNDLE_LOADER = "$(TEST_HOST)";
				CODE_SIGN_STYLE = Automatic;
				CURRENT_PROJECT_VERSION = 1;
				GENERATE_INFOPLIST_FILE = YES;
				IPHONEOS_DEPLOYMENT_TARGET = 15.0;
				LD_RUNPATH_SEARCH_PATHS = (
					"$(inherited)",
					"@executable_path/Frameworks",
					"@loader_path/Frameworks",
				);
				MARKETING_VERSION = 1.0;
				PRODUCT_BUNDLE_IDENTIFIER = org.uem.dam.CalculatorProjectTests;
				PRODUCT_NAME = "$(TARGET_NAME)";
				SWIFT_EMIT_LOC_STRINGS = NO;
				SWIFT_VERSION = 5.0;
				TARGETED_DEVICE_FAMILY = "1,2";
				TEST_HOST = "$(BUILT_PRODUCTS_DIR)/CalculatorProject.app/CalculatorProject";
			};
			name = Release;
		};
		ACDBC6392993A49F0057F728 /* Debug */ = {
			isa = XCBuildConfiguration;
			buildSettings = {
				ALWAYS_EMBED_SWIFT_STANDARD_LIBRARIES = YES;
				CODE_SIGN_STYLE = Automatic;
				CURRENT_PROJECT_VERSION = 1;
				GENERATE_INFOPLIST_FILE = YES;
				LD_RUNPATH_SEARCH_PATHS = (
					"$(inherited)",
					"@executable_path/Frameworks",
					"@loader_path/Frameworks",
				);
				MARKETING_VERSION = 1.0;
				PRODUCT_BUNDLE_IDENTIFIER = org.uem.dam.CalculatorProjectUITests;
				PRODUCT_NAME = "$(TARGET_NAME)";
				SWIFT_EMIT_LOC_STRINGS = NO;
				SWIFT_VERSION = 5.0;
				TARGETED_DEVICE_FAMILY = "1,2";
				TEST_TARGET_NAME = CalculatorProject;
			};
			name = Debug;
		};
		ACDBC63A2993A49F0057F728 /* Release */ = {
			isa = XCBuildConfiguration;
			buildSettings = {
				ALWAYS_EMBED_SWIFT_STANDARD_LIBRARIES = YES;
				CODE_SIGN_STYLE = Automatic;
				CURRENT_PROJECT_VERSION = 1;
				GENERATE_INFOPLIST_FILE = YES;
				LD_RUNPATH_SEARCH_PATHS = (
					"$(inherited)",
					"@executable_path/Frameworks",
					"@loader_path/Frameworks",
				);
				MARKETING_VERSION = 1.0;
				PRODUCT_BUNDLE_IDENTIFIER = org.uem.dam.CalculatorProjectUITests;
				PRODUCT_NAME = "$(TARGET_NAME)";
				SWIFT_EMIT_LOC_STRINGS = NO;
				SWIFT_VERSION = 5.0;
				TARGETED_DEVICE_FAMILY = "1,2";
				TEST_TARGET_NAME = CalculatorProject;
			};
			name = Release;
		};
/* End XCBuildConfiguration section */

/* Begin XCConfigurationList section */
		ACDBC6032993A49D0057F728 /* Build configuration list for PBXProject "CalculatorProject" */ = {
			isa = XCConfigurationList;
			buildConfigurations = (
				ACDBC6302993A49F0057F728 /* Debug */,
				ACDBC6312993A49F0057F728 /* Release */,
			);
			defaultConfigurationIsVisible = 0;
			defaultConfigurationName = Release;
		};
		ACDBC6322993A49F0057F728 /* Build configuration list for PBXNativeTarget "CalculatorProject" */ = {
			isa = XCConfigurationList;
			buildConfigurations = (
				ACDBC6332993A49F0057F728 /* Debug */,
				ACDBC6342993A49F0057F728 /* Release */,
			);
			defaultConfigurationIsVisible = 0;
			defaultConfigurationName = Release;
		};
		ACDBC6352993A49F0057F728 /* Build configuration list for PBXNativeTarget "CalculatorProjectTests" */ = {
			isa = XCConfigurationList;
			buildConfigurations = (
				ACDBC6362993A49F0057F728 /* Debug */,
				ACDBC6372993A49F0057F728 /* Release */,
			);
			defaultConfigurationIsVisible = 0;
			defaultConfigurationName = Release;
		};
		ACDBC6382993A49F0057F728 /* Build configuration list for PBXNativeTarget "CalculatorProjectUITests" */ = {
			isa = XCConfigurationList;
			buildConfigurations = (
				ACDBC6392993A49F0057F728 /* Debug */,
				ACDBC63A2993A49F0057F728 /* Release */,
			);
			defaultConfigurationIsVisible = 0;
			defaultConfigurationName = Release;
		};
/* End XCConfigurationList section */
	};
	rootObject = ACDBC6002993A49D0057F728 /* Project object */;
}
